
Microsoft Visual Studio Solution File, Format Version 12.00
# Visual Studio Version 17
VisualStudioVersion = 17.11.35431.28
MinimumVisualStudioVersion = 10.0.40219.1
Project("{FAE04EC0-301F-11D3-BF4B-00C04F79EFBC}") = "LibraryManagementSystem", "LibrarySystem_17\LibraryManagementSystem.csproj", "{2964F45D-74D3-4473-A241-202CE244CB58}"
EndProject
Project("{9A19103F-16F7-4668-BE54-9A1E7A4F7556}") = "LibraryManagementSystem.Tests", "LibrarySystem_17.Tests\LibraryManagementSystem.Tests.csproj", "{AE7DD000-24E7-4091-988E-CBDCDA9C36BC}"
EndProject
Project("{FAE04EC0-301F-11D3-BF4B-00C04F79EFBC}") = "ClassManagementLibrary", "ClassManagementLibrary\ClassManagementLibrary.csproj", "{173719CA-A304-49A9-ABD6-3318D18C39EC}"
EndProject
Project("{FAE04EC0-301F-11D3-BF4B-00C04F79EFBC}") = "LibraryService", "LibraryService\LibraryService.csproj", "{61A0A5B5-2CC6-4005-94C1-C181CEDEFE73}"
EndProject
Global
	GlobalSection(SolutionConfigurationPlatforms) = preSolution
		Debug|Any CPU = Debug|Any CPU
		Release|Any CPU = Release|Any CPU
	EndGlobalSection
	GlobalSection(ProjectConfigurationPlatforms) = postSolution
		{2964F45D-74D3-4473-A241-202CE244CB58}.Debug|Any CPU.ActiveCfg = Debug|Any CPU
		{2964F45D-74D3-4473-A241-202CE244CB58}.Debug|Any CPU.Build.0 = Debug|Any CPU
		{2964F45D-74D3-4473-A241-202CE244CB58}.Release|Any CPU.ActiveCfg = Release|Any CPU
		{2964F45D-74D3-4473-A241-202CE244CB58}.Release|Any CPU.Build.0 = Release|Any CPU
		{AE7DD000-24E7-4091-988E-CBDCDA9C36BC}.Debug|Any CPU.ActiveCfg = Debug|Any CPU
		{AE7DD000-24E7-4091-988E-CBDCDA9C36BC}.Debug|Any CPU.Build.0 = Debug|Any CPU
		{AE7DD000-24E7-4091-988E-CBDCDA9C36BC}.Release|Any CPU.ActiveCfg = Release|Any CPU
		{AE7DD000-24E7-4091-988E-CBDCDA9C36BC}.Release|Any CPU.Build.0 = Release|Any CPU
		{173719CA-A304-49A9-ABD6-3318D18C39EC}.Debug|Any CPU.ActiveCfg = Debug|Any CPU
		{173719CA-A304-49A9-ABD6-3318D18C39EC}.Debug|Any CPU.Build.0 = Debug|Any CPU
		{173719CA-A304-49A9-ABD6-3318D18C39EC}.Release|Any CPU.ActiveCfg = Release|Any CPU
		{173719CA-A304-49A9-ABD6-3318D18C39EC}.Release|Any CPU.Build.0 = Release|Any CPU
		{61A0A5B5-2CC6-4005-94C1-C181CEDEFE73}.Debug|Any CPU.ActiveCfg = Debug|Any CPU
		{61A0A5B5-2CC6-4005-94C1-C181CEDEFE73}.Debug|Any CPU.Build.0 = Debug|Any CPU
		{61A0A5B5-2CC6-4005-94C1-C181CEDEFE73}.Release|Any CPU.ActiveCfg = Release|Any CPU
		{61A0A5B5-2CC6-4005-94C1-C181CEDEFE73}.Release|Any CPU.Build.0 = Release|Any CPU
	EndGlobalSection
	GlobalSection(SolutionProperties) = preSolution
		HideSolutionNode = FALSE
	EndGlobalSection
	GlobalSection(ExtensibilityGlobals) = postSolution
		SolutionGuid = {9711134F-0E0F-4E0D-93F7-05036C4A8BFA}
	EndGlobalSection
EndGlobal
